{
    "_readme": [
        "This file locks the dependencies of your project to a known state",
        "Read more about it at https://getcomposer.org/doc/01-basic-usage.md#composer-lock-the-lock-file",
        "This file is @generated automatically"
    ],
    "hash": "7663006d223467fa3493f7c1e6a92369",
    "packages": [
        {
            "name": "composer/installers",
            "version": "v1.0.21",
            "source": {
                "type": "git",
                "url": "https://github.com/composer/installers.git",
                "reference": "d64e23fce42a4063d63262b19b8e7c0f3b5e4c45"
            },
            "dist": {
                "type": "zip",
                "url": "https://api.github.com/repos/composer/installers/zipball/d64e23fce42a4063d63262b19b8e7c0f3b5e4c45",
                "reference": "d64e23fce42a4063d63262b19b8e7c0f3b5e4c45",
                "shasum": ""
            },
            "replace": {
                "roundcube/plugin-installer": "*",
                "shama/baton": "*"
            },
            "require-dev": {
                "composer/composer": "1.0.*@dev",
                "phpunit/phpunit": "4.1.*"
            },
            "type": "composer-installer",
            "extra": {
                "class": "Composer\\Installers\\Installer",
                "branch-alias": {
                    "dev-master": "1.0-dev"
                }
            },
            "autoload": {
                "psr-0": {
                    "Composer\\Installers\\": "src/"
                }
            },
            "notification-url": "https://packagist.org/downloads/",
            "license": [
                "MIT"
            ],
            "authors": [
                {
                    "name": "Kyle Robinson Young",
                    "email": "kyle@dontkry.com",
                    "homepage": "https://github.com/shama"
                }
            ],
            "description": "A multi-framework Composer library installer",
            "homepage": "http://composer.github.com/installers/",
            "keywords": [
                "Craft",
                "Dolibarr",
                "Hurad",
                "MODX Evo",
                "OXID",
                "SMF",
                "Thelia",
                "WolfCMS",
                "agl",
                "aimeos",
                "annotatecms",
                "bitrix",
                "cakephp",
                "chef",
                "codeigniter",
                "concrete5",
                "croogo",
                "dokuwiki",
                "drupal",
                "elgg",
                "fuelphp",
                "grav",
                "installer",
                "joomla",
                "kohana",
                "laravel",
                "lithium",
                "magento",
                "mako",
                "mediawiki",
                "modulework",
                "moodle",
                "phpbb",
                "piwik",
                "ppi",
                "puppet",
                "roundcube",
                "shopware",
                "silverstripe",
                "symfony",
                "typo3",
                "wordpress",
                "zend",
                "zikula"
            ],
            "time": "2015-02-18 17:17:01"
        },
        {
            "name": "gitonomy/gitlib",
            "version": "v0.1.7",
            "source": {
                "type": "git",
                "url": "https://github.com/gitonomy/gitlib.git",
                "reference": "7a46107cfb8552b312101e0d5906e95d54d7ddc6"
            },
            "dist": {
                "type": "zip",
                "url": "https://api.github.com/repos/gitonomy/gitlib/zipball/7a46107cfb8552b312101e0d5906e95d54d7ddc6",
                "reference": "7a46107cfb8552b312101e0d5906e95d54d7ddc6",
                "shasum": ""
            },
            "require": {
                "symfony/process": "~2.4"
            },
            "require-dev": {
                "psr/log": "~1"
            },
            "suggest": {
                "psr/log": "Add some log"
            },
            "type": "library",
            "autoload": {
                "psr-0": {
                    "Gitonomy\\Git": [
                        "src/",
                        "tests/"
                    ]
                }
            },
            "notification-url": "https://packagist.org/downloads/",
            "license": [
                "MIT"
            ],
            "authors": [
                {
                    "name": "Alexandre Salomé",
                    "email": "alexandre.salome@gmail.com",
                    "homepage": "http://alexandre-salome.fr"
                },
                {
                    "name": "Julien DIDIER",
                    "email": "genzo.wm@gmail.com",
                    "homepage": "http://www.jdidier.net"
                }
            ],
            "description": "Library for accessing git",
            "homepage": "http://gitonomy.com",
            "time": "2014-07-13 19:02:31"
        },
        {
            "name": "nikic/php-parser",
            "version": "v0.9.5",
            "source": {
                "type": "git",
                "url": "https://github.com/nikic/PHP-Parser.git",
                "reference": "ef70767475434bdb3615b43c327e2cae17ef12eb"
            },
            "dist": {
                "type": "zip",
                "url": "https://api.github.com/repos/nikic/PHP-Parser/zipball/ef70767475434bdb3615b43c327e2cae17ef12eb",
                "reference": "ef70767475434bdb3615b43c327e2cae17ef12eb",
                "shasum": ""
            },
            "require": {
                "ext-tokenizer": "*",
                "php": ">=5.2"
            },
            "type": "library",
            "extra": {
                "branch-alias": {
                    "dev-master": "0.9-dev"
                }
            },
            "autoload": {
                "psr-0": {
                    "PHPParser": "lib/"
                }
            },
            "notification-url": "https://packagist.org/downloads/",
            "license": [
                "BSD-3-Clause"
            ],
            "authors": [
                {
                    "name": "Nikita Popov"
                }
            ],
            "description": "A PHP parser written in PHP",
            "keywords": [
                "parser",
                "php"
            ],
            "time": "2014-07-23 18:24:17"
        },
        {
            "name": "phpbb/epv",
            "version": "dev-master",
            "source": {
                "type": "git",
                "url": "https://github.com/phpbb/epv.git",
                "reference": "a054539914b0dd2c625c4694059730c517e59623"
            },
            "dist": {
                "type": "zip",
                "url": "https://api.github.com/repos/phpbb/epv/zipball/a054539914b0dd2c625c4694059730c517e59623",
                "reference": "a054539914b0dd2c625c4694059730c517e59623",
                "shasum": ""
            },
            "require": {
                "gitonomy/gitlib": "0.1.*@dev",
                "nikic/php-parser": "0.9.*@dev",
                "php": ">=5.3.3",
                "sensiolabs/ansi-to-html": "~1.1",
                "symfony/console": ">=2.3,<2.7",
                "symfony/finder": ">=2.3,<2.7",
                "symfony/process": ">=2.3,<2.7",
                "symfony/yaml": ">=2.3,<2.7"
            },
            "require-dev": {
                "phpunit/phpunit": "4.4.*",
                "phpunit/phpunit-mock-objects": "2.3.*"
            },
            "bin": [
                "src/EPV.php"
            ],
            "type": "library",
            "autoload": {
                "psr-4": {
                    "Phpbb\\Epv\\": "src/"
                }
            },
            "notification-url": "https://packagist.org/downloads/",
            "license": [
                "GPL-2.0"
            ],
            "authors": [
                {
                    "name": "Paul Sohier",
                    "email": "paul@phpbb.com"
                }
            ],
            "description": "A extension validator for phpBB extensions. Extensions are required to pass the validator when submitted to the extension database.",
            "time": "2015-06-26 10:43:47"
        },
        {
            "name": "sensiolabs/ansi-to-html",
            "version": "v1.1.1",
            "source": {
                "type": "git",
                "url": "https://github.com/sensiolabs/ansi-to-html.git",
                "reference": "fd0aa98170e12131ab989c39252df076cff60121"
            },
            "dist": {
                "type": "zip",
                "url": "https://api.github.com/repos/sensiolabs/ansi-to-html/zipball/fd0aa98170e12131ab989c39252df076cff60121",
                "reference": "fd0aa98170e12131ab989c39252df076cff60121",
                "shasum": ""
            },
            "require": {
                "php": ">=5.3.0"
            },
            "suggest": {
                "twig/twig": "Provides nice templating features"
            },
            "type": "library",
            "extra": {
                "branch-alias": {
                    "dev-master": "1.1-dev"
                }
            },
            "autoload": {
                "psr-0": {
                    "SensioLabs\\AnsiConverter": "."
                }
            },
            "notification-url": "https://packagist.org/downloads/",
            "license": [
                "MIT"
            ],
            "authors": [
                {
                    "name": "Fabien Potencier",
                    "email": "fabien@symfony.com"
                }
            ],
            "description": "A library to convert a text with ANSI codes to HTML",
            "time": "2015-03-17 06:34:10"
        },
        {
            "name": "symfony/console",
            "version": "v2.6.10",
            "target-dir": "Symfony/Component/Console",
            "source": {
                "type": "git",
                "url": "https://github.com/symfony/Console.git",
                "reference": "042107bc202845086739414339e551fbe81293d7"
            },
            "dist": {
                "type": "zip",
                "url": "https://api.github.com/repos/symfony/Console/zipball/042107bc202845086739414339e551fbe81293d7",
                "reference": "042107bc202845086739414339e551fbe81293d7",
                "shasum": ""
            },
            "require": {
                "php": ">=5.3.3"
            },
            "require-dev": {
                "psr/log": "~1.0",
                "symfony/event-dispatcher": "~2.1",
                "symfony/phpunit-bridge": "~2.7",
                "symfony/process": "~2.1"
            },
            "suggest": {
                "psr/log": "For using the console logger",
                "symfony/event-dispatcher": "",
                "symfony/process": ""
            },
            "type": "library",
            "extra": {
                "branch-alias": {
                    "dev-master": "2.6-dev"
                }
            },
            "autoload": {
                "psr-0": {
                    "Symfony\\Component\\Console\\": ""
                }
            },
            "notification-url": "https://packagist.org/downloads/",
            "license": [
                "MIT"
            ],
            "authors": [
                {
                    "name": "Fabien Potencier",
                    "email": "fabien@symfony.com"
                },
                {
                    "name": "Symfony Community",
                    "homepage": "https://symfony.com/contributors"
                }
            ],
            "description": "Symfony Console Component",
            "homepage": "https://symfony.com",
            "time": "2015-07-13 09:09:47"
        },
        {
            "name": "symfony/finder",
            "version": "v2.6.10",
            "target-dir": "Symfony/Component/Finder",
            "source": {
                "type": "git",
                "url": "https://github.com/symfony/Finder.git",
                "reference": "203a10f928ae30176deeba33512999233181dd28"
            },
            "dist": {
                "type": "zip",
                "url": "https://api.github.com/repos/symfony/Finder/zipball/203a10f928ae30176deeba33512999233181dd28",
                "reference": "203a10f928ae30176deeba33512999233181dd28",
                "shasum": ""
            },
            "require": {
                "php": ">=5.3.3"
            },
            "require-dev": {
                "symfony/phpunit-bridge": "~2.7"
            },
            "type": "library",
            "extra": {
                "branch-alias": {
                    "dev-master": "2.6-dev"
                }
            },
            "autoload": {
                "psr-0": {
                    "Symfony\\Component\\Finder\\": ""
                }
            },
            "notification-url": "https://packagist.org/downloads/",
            "license": [
                "MIT"
            ],
            "authors": [
                {
                    "name": "Fabien Potencier",
                    "email": "fabien@symfony.com"
                },
                {
                    "name": "Symfony Community",
                    "homepage": "https://symfony.com/contributors"
                }
            ],
            "description": "Symfony Finder Component",
            "homepage": "https://symfony.com",
            "time": "2015-07-09 16:02:48"
        },
        {
            "name": "symfony/process",
            "version": "v2.6.10",
            "target-dir": "Symfony/Component/Process",
            "source": {
                "type": "git",
                "url": "https://github.com/symfony/Process.git",
                "reference": "57f1e88bb5dafa449b83f9f265b11d52d517b3e9"
            },
            "dist": {
                "type": "zip",
                "url": "https://api.github.com/repos/symfony/Process/zipball/57f1e88bb5dafa449b83f9f265b11d52d517b3e9",
                "reference": "57f1e88bb5dafa449b83f9f265b11d52d517b3e9",
                "shasum": ""
            },
            "require": {
                "php": ">=5.3.3"
            },
            "require-dev": {
                "symfony/phpunit-bridge": "~2.7"
            },
            "type": "library",
            "extra": {
                "branch-alias": {
                    "dev-master": "2.6-dev"
                }
            },
            "autoload": {
                "psr-0": {
                    "Symfony\\Component\\Process\\": ""
                }
            },
            "notification-url": "https://packagist.org/downloads/",
            "license": [
                "MIT"
            ],
            "authors": [
                {
                    "name": "Fabien Potencier",
                    "email": "fabien@symfony.com"
                },
                {
                    "name": "Symfony Community",
                    "homepage": "https://symfony.com/contributors"
                }
            ],
            "description": "Symfony Process Component",
            "homepage": "https://symfony.com",
            "time": "2015-06-30 16:10:16"
        },
        {
            "name": "symfony/yaml",
            "version": "v2.6.10",
            "target-dir": "Symfony/Component/Yaml",
            "source": {
                "type": "git",
                "url": "https://github.com/symfony/Yaml.git",
                "reference": "446353cc05339e676fb57e35232d2bfd055a47cd"
            },
            "dist": {
                "type": "zip",
                "url": "https://api.github.com/repos/symfony/Yaml/zipball/446353cc05339e676fb57e35232d2bfd055a47cd",
                "reference": "446353cc05339e676fb57e35232d2bfd055a47cd",
                "shasum": ""
            },
            "require": {
                "php": ">=5.3.3"
            },
            "require-dev": {
                "symfony/phpunit-bridge": "~2.7"
            },
            "type": "library",
            "extra": {
                "branch-alias": {
                    "dev-master": "2.6-dev"
                }
            },
            "autoload": {
                "psr-0": {
                    "Symfony\\Component\\Yaml\\": ""
                }
            },
            "notification-url": "https://packagist.org/downloads/",
            "license": [
                "MIT"
            ],
            "authors": [
                {
                    "name": "Fabien Potencier",
                    "email": "fabien@symfony.com"
                },
                {
                    "name": "Symfony Community",
                    "homepage": "https://symfony.com/contributors"
                }
            ],
            "description": "Symfony Yaml Component",
            "homepage": "https://symfony.com",
            "time": "2015-06-30 16:10:16"
        }
    ],
    "packages-dev": [],
    "aliases": [],
    "minimum-stability": "stable",
    "stability-flags": {
        "phpbb/epv": 20
    },
    "prefer-stable": false,
    "prefer-lowest": false,
    "platform": {
        "php": ">=5.3.3"
    },
    "platform-dev": []
}
